// !$*UTF8*$!
{
	archiveVersion = 1;
	classes = {
	};
	objectVersion = 55;
	objects = {

/* Begin PBXBuildFile section */
		7620431C28C8925900A28079 /* Logger.swift in Sources */ = {isa = PBXBuildFile; fileRef = 7620431B28C8925900A28079 /* Logger.swift */; };
		7620431E28C8927000A28079 /* FileLogger.swift in Sources */ = {isa = PBXBuildFile; fileRef = 7620431D28C8927000A28079 /* FileLogger.swift */; };
		7620432128C892A700A28079 /* Logging in Frameworks */ = {isa = PBXBuildFile; productRef = 7620432028C892A700A28079 /* Logging */; };
		7620432328C892BA00A28079 /* Logging in Frameworks */ = {isa = PBXBuildFile; productRef = 7620432228C892BA00A28079 /* Logging */; };
		7620432428C8937900A28079 /* Logger.swift in Sources */ = {isa = PBXBuildFile; fileRef = 7620431B28C8925900A28079 /* Logger.swift */; };
		762BA7F228F59BAD008AE874 /* APIClient.swift in Sources */ = {isa = PBXBuildFile; fileRef = 762BA7EA28F59BAD008AE874 /* APIClient.swift */; };
		762BA7F328F59BAD008AE874 /* APIClient.swift in Sources */ = {isa = PBXBuildFile; fileRef = 762BA7EA28F59BAD008AE874 /* APIClient.swift */; };
		762BA7F428F59BAD008AE874 /* APIClientProvider.swift in Sources */ = {isa = PBXBuildFile; fileRef = 762BA7EB28F59BAD008AE874 /* APIClientProvider.swift */; };
		762BA7F528F59BAD008AE874 /* APIClientProvider.swift in Sources */ = {isa = PBXBuildFile; fileRef = 762BA7EB28F59BAD008AE874 /* APIClientProvider.swift */; };
		762BA7F628F59BAD008AE874 /* EnglishAPI.swift in Sources */ = {isa = PBXBuildFile; fileRef = 762BA7EC28F59BAD008AE874 /* EnglishAPI.swift */; };
		762BA7F728F59BAD008AE874 /* EnglishAPI.swift in Sources */ = {isa = PBXBuildFile; fileRef = 762BA7EC28F59BAD008AE874 /* EnglishAPI.swift */; };
		762BA7F828F59BAD008AE874 /* APIError.swift in Sources */ = {isa = PBXBuildFile; fileRef = 762BA7EE28F59BAD008AE874 /* APIError.swift */; };
		762BA7F928F59BAD008AE874 /* APIError.swift in Sources */ = {isa = PBXBuildFile; fileRef = 762BA7EE28F59BAD008AE874 /* APIError.swift */; };
		762BA7FA28F59BAD008AE874 /* Responses.swift in Sources */ = {isa = PBXBuildFile; fileRef = 762BA7EF28F59BAD008AE874 /* Responses.swift */; };
		762BA7FB28F59BAD008AE874 /* Responses.swift in Sources */ = {isa = PBXBuildFile; fileRef = 762BA7EF28F59BAD008AE874 /* Responses.swift */; };
		762BA7FC28F59BAD008AE874 /* FormData.swift in Sources */ = {isa = PBXBuildFile; fileRef = 762BA7F028F59BAD008AE874 /* FormData.swift */; };
		762BA7FD28F59BAD008AE874 /* FormData.swift in Sources */ = {isa = PBXBuildFile; fileRef = 762BA7F028F59BAD008AE874 /* FormData.swift */; };
		762BA80128F59F28008AE874 /* Extension+Helpers.swift in Sources */ = {isa = PBXBuildFile; fileRef = 762BA80028F59F28008AE874 /* Extension+Helpers.swift */; };
		762BA80228F59F28008AE874 /* Extension+Helpers.swift in Sources */ = {isa = PBXBuildFile; fileRef = 762BA80028F59F28008AE874 /* Extension+Helpers.swift */; };
		762BA80428F5A952008AE874 /* Credentials.plist in Resources */ = {isa = PBXBuildFile; fileRef = 762BA80328F5A952008AE874 /* Credentials.plist */; };
		762BA80528F5A952008AE874 /* Credentials.plist in Resources */ = {isa = PBXBuildFile; fileRef = 762BA80328F5A952008AE874 /* Credentials.plist */; };
		762BA80A28F5A9E3008AE874 /* Credential.swift in Sources */ = {isa = PBXBuildFile; fileRef = 762BA80928F5A9E3008AE874 /* Credential.swift */; };
		762BA80B28F5A9E3008AE874 /* Credential.swift in Sources */ = {isa = PBXBuildFile; fileRef = 762BA80928F5A9E3008AE874 /* Credential.swift */; };
		765023DF28BCE5EC000F3627 /* EQuotesApp.swift in Sources */ = {isa = PBXBuildFile; fileRef = 765023CF28BCE5EB000F3627 /* EQuotesApp.swift */; };
		765023E028BCE5EC000F3627 /* EQuotesApp.swift in Sources */ = {isa = PBXBuildFile; fileRef = 765023CF28BCE5EB000F3627 /* EQuotesApp.swift */; };
		765023E128BCE5EC000F3627 /* ContentView.swift in Sources */ = {isa = PBXBuildFile; fileRef = 765023D028BCE5EB000F3627 /* ContentView.swift */; };
		765023E228BCE5EC000F3627 /* ContentView.swift in Sources */ = {isa = PBXBuildFile; fileRef = 765023D028BCE5EB000F3627 /* ContentView.swift */; };
		765023E328BCE5EC000F3627 /* Assets.xcassets in Resources */ = {isa = PBXBuildFile; fileRef = 765023D128BCE5EC000F3627 /* Assets.xcassets */; };
		765023E428BCE5EC000F3627 /* Assets.xcassets in Resources */ = {isa = PBXBuildFile; fileRef = 765023D128BCE5EC000F3627 /* Assets.xcassets */; };
		765023EF28BDC0EA000F3627 /* Store.swift in Sources */ = {isa = PBXBuildFile; fileRef = 765023EE28BDC0EA000F3627 /* Store.swift */; };
		765023F028BDC0EA000F3627 /* Store.swift in Sources */ = {isa = PBXBuildFile; fileRef = 765023EE28BDC0EA000F3627 /* Store.swift */; };
		765023F228BDC413000F3627 /* AppEnvironment.swift in Sources */ = {isa = PBXBuildFile; fileRef = 765023F128BDC413000F3627 /* AppEnvironment.swift */; };
		765023F328BDC413000F3627 /* AppEnvironment.swift in Sources */ = {isa = PBXBuildFile; fileRef = 765023F128BDC413000F3627 /* AppEnvironment.swift */; };
		765023F528BDC438000F3627 /* DIContainer.swift in Sources */ = {isa = PBXBuildFile; fileRef = 765023F428BDC438000F3627 /* DIContainer.swift */; };
		765023F628BDC438000F3627 /* DIContainer.swift in Sources */ = {isa = PBXBuildFile; fileRef = 765023F428BDC438000F3627 /* DIContainer.swift */; };
		765023F828BDC4C3000F3627 /* AppState.swift in Sources */ = {isa = PBXBuildFile; fileRef = 765023F728BDC4C3000F3627 /* AppState.swift */; };
		765023F928BDC4C3000F3627 /* AppState.swift in Sources */ = {isa = PBXBuildFile; fileRef = 765023F728BDC4C3000F3627 /* AppState.swift */; };
		765023FB28BDC4F6000F3627 /* Interacters.swift in Sources */ = {isa = PBXBuildFile; fileRef = 765023FA28BDC4F6000F3627 /* Interacters.swift */; };
		765023FC28BDC4F6000F3627 /* Interacters.swift in Sources */ = {isa = PBXBuildFile; fileRef = 765023FA28BDC4F6000F3627 /* Interacters.swift */; };
		765023FE28BDC686000F3627 /* AppDelegate.swift in Sources */ = {isa = PBXBuildFile; fileRef = 765023FD28BDC686000F3627 /* AppDelegate.swift */; };
		765023FF28BDC686000F3627 /* AppDelegate.swift in Sources */ = {isa = PBXBuildFile; fileRef = 765023FD28BDC686000F3627 /* AppDelegate.swift */; };
		7650240128BDC86B000F3627 /* GoogleService-Info.plist in Resources */ = {isa = PBXBuildFile; fileRef = 7650240028BDC86B000F3627 /* GoogleService-Info.plist */; };
		7650240228BDC86B000F3627 /* GoogleService-Info.plist in Resources */ = {isa = PBXBuildFile; fileRef = 7650240028BDC86B000F3627 /* GoogleService-Info.plist */; };
		7650240628BDC92D000F3627 /* EQuoteView.swift in Sources */ = {isa = PBXBuildFile; fileRef = 7650240528BDC92D000F3627 /* EQuoteView.swift */; };
		7650240728BDC92D000F3627 /* EQuoteView.swift in Sources */ = {isa = PBXBuildFile; fileRef = 7650240528BDC92D000F3627 /* EQuoteView.swift */; };
		7650240A28BDEDE6000F3627 /* QuotesInteractor.swift in Sources */ = {isa = PBXBuildFile; fileRef = 7650240928BDEDE6000F3627 /* QuotesInteractor.swift */; };
		7650240B28BDEDE6000F3627 /* QuotesInteractor.swift in Sources */ = {isa = PBXBuildFile; fileRef = 7650240928BDEDE6000F3627 /* QuotesInteractor.swift */; };
		7650240D28BDEDFC000F3627 /* Loadable.swift in Sources */ = {isa = PBXBuildFile; fileRef = 7650240C28BDEDFC000F3627 /* Loadable.swift */; };
		7650240E28BDEDFC000F3627 /* Loadable.swift in Sources */ = {isa = PBXBuildFile; fileRef = 7650240C28BDEDFC000F3627 /* Loadable.swift */; };
		7650241028BDEE2F000F3627 /* CancelBag.swift in Sources */ = {isa = PBXBuildFile; fileRef = 7650240F28BDEE2F000F3627 /* CancelBag.swift */; };
		7650241128BDEE2F000F3627 /* CancelBag.swift in Sources */ = {isa = PBXBuildFile; fileRef = 7650240F28BDEE2F000F3627 /* CancelBag.swift */; };
		7650241428BDEEB8000F3627 /* QuoteItem.swift in Sources */ = {isa = PBXBuildFile; fileRef = 7650241328BDEEB8000F3627 /* QuoteItem.swift */; };
		7650241528BDEEB8000F3627 /* QuoteItem.swift in Sources */ = {isa = PBXBuildFile; fileRef = 7650241328BDEEB8000F3627 /* QuoteItem.swift */; };
		7650241728BDF208000F3627 /* QuoteItemRow.swift in Sources */ = {isa = PBXBuildFile; fileRef = 7650241628BDF208000F3627 /* QuoteItemRow.swift */; };
		7650241828BDF208000F3627 /* QuoteItemRow.swift in Sources */ = {isa = PBXBuildFile; fileRef = 7650241628BDF208000F3627 /* QuoteItemRow.swift */; };
		7650241B28BDF280000F3627 /* String+Extensions.swift in Sources */ = {isa = PBXBuildFile; fileRef = 7650241A28BDF280000F3627 /* String+Extensions.swift */; };
		7650241C28BDF280000F3627 /* String+Extensions.swift in Sources */ = {isa = PBXBuildFile; fileRef = 7650241A28BDF280000F3627 /* String+Extensions.swift */; };
		7650241F28BE095F000F3627 /* Theme.swift in Sources */ = {isa = PBXBuildFile; fileRef = 7650241E28BE095F000F3627 /* Theme.swift */; };
		7650242028BE095F000F3627 /* Theme.swift in Sources */ = {isa = PBXBuildFile; fileRef = 7650241E28BE095F000F3627 /* Theme.swift */; };
		7650242228BE12FC000F3627 /* AddNewQuoteView.swift in Sources */ = {isa = PBXBuildFile; fileRef = 7650242128BE12FC000F3627 /* AddNewQuoteView.swift */; };
		7650242328BE12FC000F3627 /* AddNewQuoteView.swift in Sources */ = {isa = PBXBuildFile; fileRef = 7650242128BE12FC000F3627 /* AddNewQuoteView.swift */; };
		7650242528BE1330000F3627 /* Screen.swift in Sources */ = {isa = PBXBuildFile; fileRef = 7650242428BE1330000F3627 /* Screen.swift */; };
		7650242628BE1330000F3627 /* Screen.swift in Sources */ = {isa = PBXBuildFile; fileRef = 7650242428BE1330000F3627 /* Screen.swift */; };
		7650242828BE1363000F3627 /* GrowingButton.swift in Sources */ = {isa = PBXBuildFile; fileRef = 7650242728BE1363000F3627 /* GrowingButton.swift */; };
		7650242928BE1363000F3627 /* GrowingButton.swift in Sources */ = {isa = PBXBuildFile; fileRef = 7650242728BE1363000F3627 /* GrowingButton.swift */; };
		7650242B28BE13B8000F3627 /* NewQuoteContent.swift in Sources */ = {isa = PBXBuildFile; fileRef = 7650242A28BE13B8000F3627 /* NewQuoteContent.swift */; };
		7650242C28BE13B8000F3627 /* NewQuoteContent.swift in Sources */ = {isa = PBXBuildFile; fileRef = 7650242A28BE13B8000F3627 /* NewQuoteContent.swift */; };
		7650242E28BE38AC000F3627 /* UserDefault+Data.swift in Sources */ = {isa = PBXBuildFile; fileRef = 7650242D28BE38AC000F3627 /* UserDefault+Data.swift */; };
		7650242F28BE38AC000F3627 /* UserDefault+Data.swift in Sources */ = {isa = PBXBuildFile; fileRef = 7650242D28BE38AC000F3627 /* UserDefault+Data.swift */; };
		7650243128BE3979000F3627 /* Settings.swift in Sources */ = {isa = PBXBuildFile; fileRef = 7650243028BE3979000F3627 /* Settings.swift */; };
		7650243228BE3979000F3627 /* Settings.swift in Sources */ = {isa = PBXBuildFile; fileRef = 7650243028BE3979000F3627 /* Settings.swift */; };
		7650243528BE3AD8000F3627 /* LearnView.swift in Sources */ = {isa = PBXBuildFile; fileRef = 7650243428BE3AD8000F3627 /* LearnView.swift */; };
		7650243628BE3AD8000F3627 /* LearnView.swift in Sources */ = {isa = PBXBuildFile; fileRef = 7650243428BE3AD8000F3627 /* LearnView.swift */; };
		7650243828BEFC83000F3627 /* BackQuoteItemRow.swift in Sources */ = {isa = PBXBuildFile; fileRef = 7650243728BEFC83000F3627 /* BackQuoteItemRow.swift */; };
		7650243928BEFC83000F3627 /* BackQuoteItemRow.swift in Sources */ = {isa = PBXBuildFile; fileRef = 7650243728BEFC83000F3627 /* BackQuoteItemRow.swift */; };
		7650244028BF1B6D000F3627 /* Result+Extensions.swift in Sources */ = {isa = PBXBuildFile; fileRef = 7650243F28BF1B6D000F3627 /* Result+Extensions.swift */; };
		7650244128BF1B6D000F3627 /* Result+Extensions.swift in Sources */ = {isa = PBXBuildFile; fileRef = 7650243F28BF1B6D000F3627 /* Result+Extensions.swift */; };
		7650244328BF1BA5000F3627 /* EventsInteractor.swift in Sources */ = {isa = PBXBuildFile; fileRef = 7650244228BF1BA5000F3627 /* EventsInteractor.swift */; };
		7650244428BF1BA5000F3627 /* EventsInteractor.swift in Sources */ = {isa = PBXBuildFile; fileRef = 7650244228BF1BA5000F3627 /* EventsInteractor.swift */; };
		766BFACD28C0A4A2007AB759 /* Date+Extensions.swift in Sources */ = {isa = PBXBuildFile; fileRef = 766BFACC28C0A4A2007AB759 /* Date+Extensions.swift */; };
		766BFACE28C0A4A2007AB759 /* Date+Extensions.swift in Sources */ = {isa = PBXBuildFile; fileRef = 766BFACC28C0A4A2007AB759 /* Date+Extensions.swift */; };
		766BFAD128C23716007AB759 /* QuoteListView.swift in Sources */ = {isa = PBXBuildFile; fileRef = 766BFAD028C23716007AB759 /* QuoteListView.swift */; };
		766BFAD228C23716007AB759 /* QuoteListView.swift in Sources */ = {isa = PBXBuildFile; fileRef = 766BFAD028C23716007AB759 /* QuoteListView.swift */; };
		766BFAD628C3696F007AB759 /* HelpersInteractor.swift in Sources */ = {isa = PBXBuildFile; fileRef = 766BFAD528C3696F007AB759 /* HelpersInteractor.swift */; };
		766BFAD728C3696F007AB759 /* HelpersInteractor.swift in Sources */ = {isa = PBXBuildFile; fileRef = 766BFAD528C3696F007AB759 /* HelpersInteractor.swift */; };
		766BFAD928C48E00007AB759 /* GradientView.swift in Sources */ = {isa = PBXBuildFile; fileRef = 766BFAD828C48E00007AB759 /* GradientView.swift */; };
		766BFADA28C48E00007AB759 /* GradientView.swift in Sources */ = {isa = PBXBuildFile; fileRef = 766BFAD828C48E00007AB759 /* GradientView.swift */; };
		766BFADC28C48F1E007AB759 /* Firebase+ModelName.swift in Sources */ = {isa = PBXBuildFile; fileRef = 766BFADB28C48F1E007AB759 /* Firebase+ModelName.swift */; };
		766BFADD28C48F1E007AB759 /* Firebase+ModelName.swift in Sources */ = {isa = PBXBuildFile; fileRef = 766BFADB28C48F1E007AB759 /* Firebase+ModelName.swift */; };
		76E2EB3528C7024A001E8AAD /* DatabaseManager.swift in Sources */ = {isa = PBXBuildFile; fileRef = 76E2EB3428C7024A001E8AAD /* DatabaseManager.swift */; };
		76E2EB3628C7024A001E8AAD /* DatabaseManager.swift in Sources */ = {isa = PBXBuildFile; fileRef = 76E2EB3428C7024A001E8AAD /* DatabaseManager.swift */; };
		76E2EB3828C76D81001E8AAD /* Publisher+Extensions.swift in Sources */ = {isa = PBXBuildFile; fileRef = 76E2EB3728C76D81001E8AAD /* Publisher+Extensions.swift */; };
		76E2EB3928C76D81001E8AAD /* Publisher+Extensions.swift in Sources */ = {isa = PBXBuildFile; fileRef = 76E2EB3728C76D81001E8AAD /* Publisher+Extensions.swift */; };
		76E2EB3B28C7702C001E8AAD /* LearnQuote.swift in Sources */ = {isa = PBXBuildFile; fileRef = 76E2EB3A28C7702C001E8AAD /* LearnQuote.swift */; };
		76E2EB3C28C7702C001E8AAD /* LearnQuote.swift in Sources */ = {isa = PBXBuildFile; fileRef = 76E2EB3A28C7702C001E8AAD /* LearnQuote.swift */; };
		B917CDCFC3A0BC2C84E22122 /* Pods_EQuotes__macOS_.framework in Frameworks */ = {isa = PBXBuildFile; fileRef = 824A4B4036418A5246C9DE40 /* Pods_EQuotes__macOS_.framework */; };
		E2628F23C0D9A79106014EB3 /* Pods_EQuotes__iOS_.framework in Frameworks */ = {isa = PBXBuildFile; fileRef = 939F992ECBC29D986D8927B5 /* Pods_EQuotes__iOS_.framework */; };
/* End PBXBuildFile section */

/* Begin PBXFileReference section */
		2CD3DC719D0210B758CF3E6A /* Pods-EQuotes (iOS).debug.xcconfig */ = {isa = PBXFileReference; includeInIndex = 1; lastKnownFileType = text.xcconfig; name = "Pods-EQuotes (iOS).debug.xcconfig"; path = "Target Support Files/Pods-EQuotes (iOS)/Pods-EQuotes (iOS).debug.xcconfig"; sourceTree = "<group>"; };
		7620431B28C8925900A28079 /* Logger.swift */ = {isa = PBXFileReference; lastKnownFileType = sourcecode.swift; path = Logger.swift; sourceTree = "<group>"; };
		7620431D28C8927000A28079 /* FileLogger.swift */ = {isa = PBXFileReference; lastKnownFileType = sourcecode.swift; path = FileLogger.swift; sourceTree = "<group>"; };
		762BA7EA28F59BAD008AE874 /* APIClient.swift */ = {isa = PBXFileReference; fileEncoding = 4; lastKnownFileType = sourcecode.swift; path = APIClient.swift; sourceTree = "<group>"; };
		762BA7EB28F59BAD008AE874 /* APIClientProvider.swift */ = {isa = PBXFileReference; fileEncoding = 4; lastKnownFileType = sourcecode.swift; path = APIClientProvider.swift; sourceTree = "<group>"; };
		762BA7EC28F59BAD008AE874 /* EnglishAPI.swift */ = {isa = PBXFileReference; fileEncoding = 4; lastKnownFileType = sourcecode.swift; path = EnglishAPI.swift; sourceTree = "<group>"; };
		762BA7EE28F59BAD008AE874 /* APIError.swift */ = {isa = PBXFileReference; fileEncoding = 4; lastKnownFileType = sourcecode.swift; path = APIError.swift; sourceTree = "<group>"; };
		762BA7EF28F59BAD008AE874 /* Responses.swift */ = {isa = PBXFileReference; fileEncoding = 4; lastKnownFileType = sourcecode.swift; path = Responses.swift; sourceTree = "<group>"; };
		762BA7F028F59BAD008AE874 /* FormData.swift */ = {isa = PBXFileReference; fileEncoding = 4; lastKnownFileType = sourcecode.swift; path = FormData.swift; sourceTree = "<group>"; };
		762BA80028F59F28008AE874 /* Extension+Helpers.swift */ = {isa = PBXFileReference; lastKnownFileType = sourcecode.swift; path = "Extension+Helpers.swift"; sourceTree = "<group>"; };
		762BA80328F5A952008AE874 /* Credentials.plist */ = {isa = PBXFileReference; lastKnownFileType = text.plist.xml; path = Credentials.plist; sourceTree = "<group>"; };
		762BA80928F5A9E3008AE874 /* Credential.swift */ = {isa = PBXFileReference; fileEncoding = 4; lastKnownFileType = sourcecode.swift; path = Credential.swift; sourceTree = "<group>"; };
		765023CF28BCE5EB000F3627 /* EQuotesApp.swift */ = {isa = PBXFileReference; lastKnownFileType = sourcecode.swift; path = EQuotesApp.swift; sourceTree = "<group>"; };
		765023D028BCE5EB000F3627 /* ContentView.swift */ = {isa = PBXFileReference; lastKnownFileType = sourcecode.swift; path = ContentView.swift; sourceTree = "<group>"; };
		765023D128BCE5EC000F3627 /* Assets.xcassets */ = {isa = PBXFileReference; lastKnownFileType = folder.assetcatalog; path = Assets.xcassets; sourceTree = "<group>"; };
		765023D628BCE5EC000F3627 /* EQuotes.app */ = {isa = PBXFileReference; explicitFileType = wrapper.application; includeInIndex = 0; path = EQuotes.app; sourceTree = BUILT_PRODUCTS_DIR; };
		765023DC28BCE5EC000F3627 /* EQuotes.app */ = {isa = PBXFileReference; explicitFileType = wrapper.application; includeInIndex = 0; path = EQuotes.app; sourceTree = BUILT_PRODUCTS_DIR; };
		765023DE28BCE5EC000F3627 /* macOS.entitlements */ = {isa = PBXFileReference; lastKnownFileType = text.plist.entitlements; path = macOS.entitlements; sourceTree = "<group>"; };
		765023EE28BDC0EA000F3627 /* Store.swift */ = {isa = PBXFileReference; lastKnownFileType = sourcecode.swift; path = Store.swift; sourceTree = "<group>"; };
		765023F128BDC413000F3627 /* AppEnvironment.swift */ = {isa = PBXFileReference; lastKnownFileType = sourcecode.swift; path = AppEnvironment.swift; sourceTree = "<group>"; };
		765023F428BDC438000F3627 /* DIContainer.swift */ = {isa = PBXFileReference; lastKnownFileType = sourcecode.swift; path = DIContainer.swift; sourceTree = "<group>"; };
		765023F728BDC4C3000F3627 /* AppState.swift */ = {isa = PBXFileReference; lastKnownFileType = sourcecode.swift; path = AppState.swift; sourceTree = "<group>"; };
		765023FA28BDC4F6000F3627 /* Interacters.swift */ = {isa = PBXFileReference; lastKnownFileType = sourcecode.swift; path = Interacters.swift; sourceTree = "<group>"; };
		765023FD28BDC686000F3627 /* AppDelegate.swift */ = {isa = PBXFileReference; lastKnownFileType = sourcecode.swift; path = AppDelegate.swift; sourceTree = "<group>"; };
		7650240028BDC86B000F3627 /* GoogleService-Info.plist */ = {isa = PBXFileReference; fileEncoding = 4; lastKnownFileType = text.plist.xml; path = "GoogleService-Info.plist"; sourceTree = "<group>"; };
		7650240528BDC92D000F3627 /* EQuoteView.swift */ = {isa = PBXFileReference; lastKnownFileType = sourcecode.swift; path = EQuoteView.swift; sourceTree = "<group>"; };
		7650240928BDEDE6000F3627 /* QuotesInteractor.swift */ = {isa = PBXFileReference; lastKnownFileType = sourcecode.swift; path = QuotesInteractor.swift; sourceTree = "<group>"; };
		7650240C28BDEDFC000F3627 /* Loadable.swift */ = {isa = PBXFileReference; lastKnownFileType = sourcecode.swift; path = Loadable.swift; sourceTree = "<group>"; };
		7650240F28BDEE2F000F3627 /* CancelBag.swift */ = {isa = PBXFileReference; lastKnownFileType = sourcecode.swift; path = CancelBag.swift; sourceTree = "<group>"; };
		7650241328BDEEB8000F3627 /* QuoteItem.swift */ = {isa = PBXFileReference; lastKnownFileType = sourcecode.swift; path = QuoteItem.swift; sourceTree = "<group>"; };
		7650241628BDF208000F3627 /* QuoteItemRow.swift */ = {isa = PBXFileReference; lastKnownFileType = sourcecode.swift; path = QuoteItemRow.swift; sourceTree = "<group>"; };
		7650241A28BDF280000F3627 /* String+Extensions.swift */ = {isa = PBXFileReference; lastKnownFileType = sourcecode.swift; path = "String+Extensions.swift"; sourceTree = "<group>"; };
		7650241E28BE095F000F3627 /* Theme.swift */ = {isa = PBXFileReference; lastKnownFileType = sourcecode.swift; path = Theme.swift; sourceTree = "<group>"; };
		7650242128BE12FC000F3627 /* AddNewQuoteView.swift */ = {isa = PBXFileReference; lastKnownFileType = sourcecode.swift; path = AddNewQuoteView.swift; sourceTree = "<group>"; };
		7650242428BE1330000F3627 /* Screen.swift */ = {isa = PBXFileReference; lastKnownFileType = sourcecode.swift; path = Screen.swift; sourceTree = "<group>"; };
		7650242728BE1363000F3627 /* GrowingButton.swift */ = {isa = PBXFileReference; lastKnownFileType = sourcecode.swift; path = GrowingButton.swift; sourceTree = "<group>"; };
		7650242A28BE13B8000F3627 /* NewQuoteContent.swift */ = {isa = PBXFileReference; lastKnownFileType = sourcecode.swift; path = NewQuoteContent.swift; sourceTree = "<group>"; };
		7650242D28BE38AC000F3627 /* UserDefault+Data.swift */ = {isa = PBXFileReference; lastKnownFileType = sourcecode.swift; path = "UserDefault+Data.swift"; sourceTree = "<group>"; };
		7650243028BE3979000F3627 /* Settings.swift */ = {isa = PBXFileReference; lastKnownFileType = sourcecode.swift; path = Settings.swift; sourceTree = "<group>"; };
		7650243428BE3AD8000F3627 /* LearnView.swift */ = {isa = PBXFileReference; lastKnownFileType = sourcecode.swift; path = LearnView.swift; sourceTree = "<group>"; };
		7650243728BEFC83000F3627 /* BackQuoteItemRow.swift */ = {isa = PBXFileReference; lastKnownFileType = sourcecode.swift; path = BackQuoteItemRow.swift; sourceTree = "<group>"; };
		7650243F28BF1B6D000F3627 /* Result+Extensions.swift */ = {isa = PBXFileReference; lastKnownFileType = sourcecode.swift; path = "Result+Extensions.swift"; sourceTree = "<group>"; };
		7650244228BF1BA5000F3627 /* EventsInteractor.swift */ = {isa = PBXFileReference; lastKnownFileType = sourcecode.swift; path = EventsInteractor.swift; sourceTree = "<group>"; };
		766BFACC28C0A4A2007AB759 /* Date+Extensions.swift */ = {isa = PBXFileReference; lastKnownFileType = sourcecode.swift; path = "Date+Extensions.swift"; sourceTree = "<group>"; };
		766BFAD028C23716007AB759 /* QuoteListView.swift */ = {isa = PBXFileReference; lastKnownFileType = sourcecode.swift; path = QuoteListView.swift; sourceTree = "<group>"; };
		766BFAD528C3696F007AB759 /* HelpersInteractor.swift */ = {isa = PBXFileReference; lastKnownFileType = sourcecode.swift; path = HelpersInteractor.swift; sourceTree = "<group>"; };
		766BFAD828C48E00007AB759 /* GradientView.swift */ = {isa = PBXFileReference; lastKnownFileType = sourcecode.swift; path = GradientView.swift; sourceTree = "<group>"; };
		766BFADB28C48F1E007AB759 /* Firebase+ModelName.swift */ = {isa = PBXFileReference; lastKnownFileType = sourcecode.swift; path = "Firebase+ModelName.swift"; sourceTree = "<group>"; };
		76E2EB3428C7024A001E8AAD /* DatabaseManager.swift */ = {isa = PBXFileReference; lastKnownFileType = sourcecode.swift; path = DatabaseManager.swift; sourceTree = "<group>"; };
		76E2EB3728C76D81001E8AAD /* Publisher+Extensions.swift */ = {isa = PBXFileReference; lastKnownFileType = sourcecode.swift; path = "Publisher+Extensions.swift"; sourceTree = "<group>"; };
		76E2EB3A28C7702C001E8AAD /* LearnQuote.swift */ = {isa = PBXFileReference; lastKnownFileType = sourcecode.swift; path = LearnQuote.swift; sourceTree = "<group>"; };
		824A4B4036418A5246C9DE40 /* Pods_EQuotes__macOS_.framework */ = {isa = PBXFileReference; explicitFileType = wrapper.framework; includeInIndex = 0; path = Pods_EQuotes__macOS_.framework; sourceTree = BUILT_PRODUCTS_DIR; };
		939F992ECBC29D986D8927B5 /* Pods_EQuotes__iOS_.framework */ = {isa = PBXFileReference; explicitFileType = wrapper.framework; includeInIndex = 0; path = Pods_EQuotes__iOS_.framework; sourceTree = BUILT_PRODUCTS_DIR; };
		9F2D489EEA47B8DEA3440FAB /* Pods-EQuotes (macOS).debug.xcconfig */ = {isa = PBXFileReference; includeInIndex = 1; lastKnownFileType = text.xcconfig; name = "Pods-EQuotes (macOS).debug.xcconfig"; path = "Target Support Files/Pods-EQuotes (macOS)/Pods-EQuotes (macOS).debug.xcconfig"; sourceTree = "<group>"; };
		EE04968ECB71C37F52BD7D0C /* Pods-EQuotes (macOS).release.xcconfig */ = {isa = PBXFileReference; includeInIndex = 1; lastKnownFileType = text.xcconfig; name = "Pods-EQuotes (macOS).release.xcconfig"; path = "Target Support Files/Pods-EQuotes (macOS)/Pods-EQuotes (macOS).release.xcconfig"; sourceTree = "<group>"; };
		FDBC9B201214C4959B1B187B /* Pods-EQuotes (iOS).release.xcconfig */ = {isa = PBXFileReference; includeInIndex = 1; lastKnownFileType = text.xcconfig; name = "Pods-EQuotes (iOS).release.xcconfig"; path = "Target Support Files/Pods-EQuotes (iOS)/Pods-EQuotes (iOS).release.xcconfig"; sourceTree = "<group>"; };
/* End PBXFileReference section */

/* Begin PBXFrameworksBuildPhase section */
		765023D328BCE5EC000F3627 /* Frameworks */ = {
			isa = PBXFrameworksBuildPhase;
			buildActionMask = 2147483647;
			files = (
				7620432128C892A700A28079 /* Logging in Frameworks */,
				E2628F23C0D9A79106014EB3 /* Pods_EQuotes__iOS_.framework in Frameworks */,
			);
			runOnlyForDeploymentPostprocessing = 0;
		};
		765023D928BCE5EC000F3627 /* Frameworks */ = {
			isa = PBXFrameworksBuildPhase;
			buildActionMask = 2147483647;
			files = (
				7620432328C892BA00A28079 /* Logging in Frameworks */,
				B917CDCFC3A0BC2C84E22122 /* Pods_EQuotes__macOS_.framework in Frameworks */,
			);
			runOnlyForDeploymentPostprocessing = 0;
		};
/* End PBXFrameworksBuildPhase section */

/* Begin PBXGroup section */
		1F98921E4DC4AD7EF423B80F /* Pods */ = {
			isa = PBXGroup;
			children = (
				2CD3DC719D0210B758CF3E6A /* Pods-EQuotes (iOS).debug.xcconfig */,
				FDBC9B201214C4959B1B187B /* Pods-EQuotes (iOS).release.xcconfig */,
				9F2D489EEA47B8DEA3440FAB /* Pods-EQuotes (macOS).debug.xcconfig */,
				EE04968ECB71C37F52BD7D0C /* Pods-EQuotes (macOS).release.xcconfig */,
			);
			path = Pods;
			sourceTree = "<group>";
		};
		7620431A28C8925000A28079 /* Logger */ = {
			isa = PBXGroup;
			children = (
				7620431B28C8925900A28079 /* Logger.swift */,
				7620431D28C8927000A28079 /* FileLogger.swift */,
			);
			path = Logger;
			sourceTree = "<group>";
		};
		762BA7E928F59BAD008AE874 /* Gateways */ = {
			isa = PBXGroup;
			children = (
				762BA7EA28F59BAD008AE874 /* APIClient.swift */,
				762BA7EB28F59BAD008AE874 /* APIClientProvider.swift */,
				762BA7EC28F59BAD008AE874 /* EnglishAPI.swift */,
				762BA80028F59F28008AE874 /* Extension+Helpers.swift */,
				762BA7ED28F59BAD008AE874 /* Models */,
			);
			path = Gateways;
			sourceTree = "<group>";
		};
		762BA7ED28F59BAD008AE874 /* Models */ = {
			isa = PBXGroup;
			children = (
				762BA7EE28F59BAD008AE874 /* APIError.swift */,
				762BA7EF28F59BAD008AE874 /* Responses.swift */,
				762BA7F028F59BAD008AE874 /* FormData.swift */,
			);
			path = Models;
			sourceTree = "<group>";
		};
		765023C928BCE5EB000F3627 = {
			isa = PBXGroup;
			children = (
				7650240028BDC86B000F3627 /* GoogleService-Info.plist */,
				762BA80328F5A952008AE874 /* Credentials.plist */,
				765023CE28BCE5EB000F3627 /* Shared */,
				765023DD28BCE5EC000F3627 /* macOS */,
				765023D728BCE5EC000F3627 /* Products */,
				1F98921E4DC4AD7EF423B80F /* Pods */,
				927948D427949D6526833463 /* Frameworks */,
			);
			sourceTree = "<group>";
		};
		765023CE28BCE5EB000F3627 /* Shared */ = {
			isa = PBXGroup;
			children = (
				7650241D28BE0952000F3627 /* Common */,
				765023FD28BDC686000F3627 /* AppDelegate.swift */,
				765023CF28BCE5EB000F3627 /* EQuotesApp.swift */,
				765023D028BCE5EB000F3627 /* ContentView.swift */,
				765023ED28BDC0DA000F3627 /* Utilities */,
				7650240828BDEDD5000F3627 /* Interactors */,
				7650240328BDC8F9000F3627 /* Modules */,
				7650241928BDF272000F3627 /* Extensions */,
				7650241228BDEEA6000F3627 /* Models */,
				762BA7E928F59BAD008AE874 /* Gateways */,
				765023D128BCE5EC000F3627 /* Assets.xcassets */,
			);
			path = Shared;
			sourceTree = "<group>";
		};
		765023D728BCE5EC000F3627 /* Products */ = {
			isa = PBXGroup;
			children = (
				765023D628BCE5EC000F3627 /* EQuotes.app */,
				765023DC28BCE5EC000F3627 /* EQuotes.app */,
			);
			name = Products;
			sourceTree = "<group>";
		};
		765023DD28BCE5EC000F3627 /* macOS */ = {
			isa = PBXGroup;
			children = (
				765023DE28BCE5EC000F3627 /* macOS.entitlements */,
			);
			path = macOS;
			sourceTree = "<group>";
		};
		765023ED28BDC0DA000F3627 /* Utilities */ = {
			isa = PBXGroup;
			children = (
				762BA80928F5A9E3008AE874 /* Credential.swift */,
				7620431A28C8925000A28079 /* Logger */,
				765023EE28BDC0EA000F3627 /* Store.swift */,
				765023F128BDC413000F3627 /* AppEnvironment.swift */,
				765023F428BDC438000F3627 /* DIContainer.swift */,
				765023F728BDC4C3000F3627 /* AppState.swift */,
				765023FA28BDC4F6000F3627 /* Interacters.swift */,
				7650240C28BDEDFC000F3627 /* Loadable.swift */,
				7650240F28BDEE2F000F3627 /* CancelBag.swift */,
			);
			path = Utilities;
			sourceTree = "<group>";
		};
		7650240328BDC8F9000F3627 /* Modules */ = {
			isa = PBXGroup;
			children = (
				7650240528BDC92D000F3627 /* EQuoteView.swift */,
				7650243328BE3ACB000F3627 /* LearnView */,
				7650240428BDC90D000F3627 /* EQuoteView */,
			);
			path = Modules;
			sourceTree = "<group>";
		};
		7650240428BDC90D000F3627 /* EQuoteView */ = {
			isa = PBXGroup;
			children = (
				7650241628BDF208000F3627 /* QuoteItemRow.swift */,
				7650242128BE12FC000F3627 /* AddNewQuoteView.swift */,
				7650242A28BE13B8000F3627 /* NewQuoteContent.swift */,
				7650243728BEFC83000F3627 /* BackQuoteItemRow.swift */,
			);
			path = EQuoteView;
			sourceTree = "<group>";
		};
		7650240828BDEDD5000F3627 /* Interactors */ = {
			isa = PBXGroup;
			children = (
				7650240928BDEDE6000F3627 /* QuotesInteractor.swift */,
				7650244228BF1BA5000F3627 /* EventsInteractor.swift */,
				766BFAD528C3696F007AB759 /* HelpersInteractor.swift */,
			);
			path = Interactors;
			sourceTree = "<group>";
		};
		7650241228BDEEA6000F3627 /* Models */ = {
			isa = PBXGroup;
			children = (
				76E2EB3428C7024A001E8AAD /* DatabaseManager.swift */,
				766BFADB28C48F1E007AB759 /* Firebase+ModelName.swift */,
				7650241328BDEEB8000F3627 /* QuoteItem.swift */,
				76E2EB3A28C7702C001E8AAD /* LearnQuote.swift */,
				7650242D28BE38AC000F3627 /* UserDefault+Data.swift */,
				7650243028BE3979000F3627 /* Settings.swift */,
			);
			path = Models;
			sourceTree = "<group>";
		};
		7650241928BDF272000F3627 /* Extensions */ = {
			isa = PBXGroup;
			children = (
				7650241A28BDF280000F3627 /* String+Extensions.swift */,
				7650243F28BF1B6D000F3627 /* Result+Extensions.swift */,
				766BFACC28C0A4A2007AB759 /* Date+Extensions.swift */,
				76E2EB3728C76D81001E8AAD /* Publisher+Extensions.swift */,
			);
			path = Extensions;
			sourceTree = "<group>";
		};
		7650241D28BE0952000F3627 /* Common */ = {
			isa = PBXGroup;
			children = (
				766BFACF28C23701007AB759 /* Views */,
				7650241E28BE095F000F3627 /* Theme.swift */,
				7650242428BE1330000F3627 /* Screen.swift */,
				7650242728BE1363000F3627 /* GrowingButton.swift */,
			);
			path = Common;
			sourceTree = "<group>";
		};
		7650243328BE3ACB000F3627 /* LearnView */ = {
			isa = PBXGroup;
			children = (
				7650243428BE3AD8000F3627 /* LearnView.swift */,
			);
			path = LearnView;
			sourceTree = "<group>";
		};
		766BFACF28C23701007AB759 /* Views */ = {
			isa = PBXGroup;
			children = (
				766BFAD028C23716007AB759 /* QuoteListView.swift */,
				766BFAD828C48E00007AB759 /* GradientView.swift */,
			);
			path = Views;
			sourceTree = "<group>";
		};
		927948D427949D6526833463 /* Frameworks */ = {
			isa = PBXGroup;
			children = (
				939F992ECBC29D986D8927B5 /* Pods_EQuotes__iOS_.framework */,
				824A4B4036418A5246C9DE40 /* Pods_EQuotes__macOS_.framework */,
			);
			name = Frameworks;
			sourceTree = "<group>";
		};
/* End PBXGroup section */

/* Begin PBXNativeTarget section */
		765023D528BCE5EC000F3627 /* EQuotes (iOS) */ = {
			isa = PBXNativeTarget;
			buildConfigurationList = 765023E728BCE5EC000F3627 /* Build configuration list for PBXNativeTarget "EQuotes (iOS)" */;
			buildPhases = (
				68BFA8ACE77A26A0CD2B46D4 /* [CP] Check Pods Manifest.lock */,
				765023D228BCE5EC000F3627 /* Sources */,
				765023D328BCE5EC000F3627 /* Frameworks */,
				765023D428BCE5EC000F3627 /* Resources */,
				2CCCF45E36579CA9C983B183 /* [CP] Embed Pods Frameworks */,
			);
			buildRules = (
			);
			dependencies = (
			);
			name = "EQuotes (iOS)";
			packageProductDependencies = (
				7620432028C892A700A28079 /* Logging */,
			);
			productName = "EQuotes (iOS)";
			productReference = 765023D628BCE5EC000F3627 /* EQuotes.app */;
			productType = "com.apple.product-type.application";
		};
		765023DB28BCE5EC000F3627 /* EQuotes (macOS) */ = {
			isa = PBXNativeTarget;
			buildConfigurationList = 765023EA28BCE5EC000F3627 /* Build configuration list for PBXNativeTarget "EQuotes (macOS)" */;
			buildPhases = (
				5DB62C5ECBD510A626548548 /* [CP] Check Pods Manifest.lock */,
				765023D828BCE5EC000F3627 /* Sources */,
				765023D928BCE5EC000F3627 /* Frameworks */,
				765023DA28BCE5EC000F3627 /* Resources */,
				E26A3B86FE9D26A0EA12B787 /* [CP] Embed Pods Frameworks */,
			);
			buildRules = (
			);
			dependencies = (
			);
			name = "EQuotes (macOS)";
			packageProductDependencies = (
				7620432228C892BA00A28079 /* Logging */,
			);
			productName = "EQuotes (macOS)";
			productReference = 765023DC28BCE5EC000F3627 /* EQuotes.app */;
			productType = "com.apple.product-type.application";
		};
/* End PBXNativeTarget section */

/* Begin PBXProject section */
		765023CA28BCE5EB000F3627 /* Project object */ = {
			isa = PBXProject;
			attributes = {
				BuildIndependentTargetsInParallel = 1;
				LastSwiftUpdateCheck = 1340;
				LastUpgradeCheck = 1340;
				TargetAttributes = {
					765023D528BCE5EC000F3627 = {
						CreatedOnToolsVersion = 13.4.1;
					};
					765023DB28BCE5EC000F3627 = {
						CreatedOnToolsVersion = 13.4.1;
					};
				};
			};
			buildConfigurationList = 765023CD28BCE5EB000F3627 /* Build configuration list for PBXProject "EQuotes" */;
			compatibilityVersion = "Xcode 13.0";
			developmentRegion = en;
			hasScannedForEncodings = 0;
			knownRegions = (
				en,
				Base,
			);
			mainGroup = 765023C928BCE5EB000F3627;
			packageReferences = (
				7620431F28C892A700A28079 /* XCRemoteSwiftPackageReference "swift-log" */,
			);
			productRefGroup = 765023D728BCE5EC000F3627 /* Products */;
			projectDirPath = "";
			projectRoot = "";
			targets = (
				765023D528BCE5EC000F3627 /* EQuotes (iOS) */,
				765023DB28BCE5EC000F3627 /* EQuotes (macOS) */,
			);
		};
/* End PBXProject section */

/* Begin PBXResourcesBuildPhase section */
		765023D428BCE5EC000F3627 /* Resources */ = {
			isa = PBXResourcesBuildPhase;
			buildActionMask = 2147483647;
			files = (
				765023E328BCE5EC000F3627 /* Assets.xcassets in Resources */,
				7650240128BDC86B000F3627 /* GoogleService-Info.plist in Resources */,
				762BA80428F5A952008AE874 /* Credentials.plist in Resources */,
			);
			runOnlyForDeploymentPostprocessing = 0;
		};
		765023DA28BCE5EC000F3627 /* Resources */ = {
			isa = PBXResourcesBuildPhase;
			buildActionMask = 2147483647;
			files = (
				765023E428BCE5EC000F3627 /* Assets.xcassets in Resources */,
				7650240228BDC86B000F3627 /* GoogleService-Info.plist in Resources */,
				762BA80528F5A952008AE874 /* Credentials.plist in Resources */,
			);
			runOnlyForDeploymentPostprocessing = 0;
		};
/* End PBXResourcesBuildPhase section */

/* Begin PBXShellScriptBuildPhase section */
		2CCCF45E36579CA9C983B183 /* [CP] Embed Pods Frameworks */ = {
			isa = PBXShellScriptBuildPhase;
			buildActionMask = 2147483647;
			files = (
			);
			inputFileListPaths = (
				"${PODS_ROOT}/Target Support Files/Pods-EQuotes (iOS)/Pods-EQuotes (iOS)-frameworks-${CONFIGURATION}-input-files.xcfilelist",
			);
			name = "[CP] Embed Pods Frameworks";
			outputFileListPaths = (
				"${PODS_ROOT}/Target Support Files/Pods-EQuotes (iOS)/Pods-EQuotes (iOS)-frameworks-${CONFIGURATION}-output-files.xcfilelist",
			);
			runOnlyForDeploymentPostprocessing = 0;
			shellPath = /bin/sh;
			shellScript = "\"${PODS_ROOT}/Target Support Files/Pods-EQuotes (iOS)/Pods-EQuotes (iOS)-frameworks.sh\"\n";
			showEnvVarsInLog = 0;
		};
		5DB62C5ECBD510A626548548 /* [CP] Check Pods Manifest.lock */ = {
			isa = PBXShellScriptBuildPhase;
			buildActionMask = 2147483647;
			files = (
			);
			inputFileListPaths = (
			);
			inputPaths = (
				"${PODS_PODFILE_DIR_PATH}/Podfile.lock",
				"${PODS_ROOT}/Manifest.lock",
			);
			name = "[CP] Check Pods Manifest.lock";
			outputFileListPaths = (
			);
			outputPaths = (
				"$(DERIVED_FILE_DIR)/Pods-EQuotes (macOS)-checkManifestLockResult.txt",
			);
			runOnlyForDeploymentPostprocessing = 0;
			shellPath = /bin/sh;
			shellScript = "diff \"${PODS_PODFILE_DIR_PATH}/Podfile.lock\" \"${PODS_ROOT}/Manifest.lock\" > /dev/null\nif [ $? != 0 ] ; then\n    # print error to STDERR\n    echo \"error: The sandbox is not in sync with the Podfile.lock. Run 'pod install' or update your CocoaPods installation.\" >&2\n    exit 1\nfi\n# This output is used by Xcode 'outputs' to avoid re-running this script phase.\necho \"SUCCESS\" > \"${SCRIPT_OUTPUT_FILE_0}\"\n";
			showEnvVarsInLog = 0;
		};
		68BFA8ACE77A26A0CD2B46D4 /* [CP] Check Pods Manifest.lock */ = {
			isa = PBXShellScriptBuildPhase;
			buildActionMask = 2147483647;
			files = (
			);
			inputFileListPaths = (
			);
			inputPaths = (
				"${PODS_PODFILE_DIR_PATH}/Podfile.lock",
				"${PODS_ROOT}/Manifest.lock",
			);
			name = "[CP] Check Pods Manifest.lock";
			outputFileListPaths = (
			);
			outputPaths = (
				"$(DERIVED_FILE_DIR)/Pods-EQuotes (iOS)-checkManifestLockResult.txt",
			);
			runOnlyForDeploymentPostprocessing = 0;
			shellPath = /bin/sh;
			shellScript = "diff \"${PODS_PODFILE_DIR_PATH}/Podfile.lock\" \"${PODS_ROOT}/Manifest.lock\" > /dev/null\nif [ $? != 0 ] ; then\n    # print error to STDERR\n    echo \"error: The sandbox is not in sync with the Podfile.lock. Run 'pod install' or update your CocoaPods installation.\" >&2\n    exit 1\nfi\n# This output is used by Xcode 'outputs' to avoid re-running this script phase.\necho \"SUCCESS\" > \"${SCRIPT_OUTPUT_FILE_0}\"\n";
			showEnvVarsInLog = 0;
		};
		E26A3B86FE9D26A0EA12B787 /* [CP] Embed Pods Frameworks */ = {
			isa = PBXShellScriptBuildPhase;
			buildActionMask = 2147483647;
			files = (
			);
			inputFileListPaths = (
				"${PODS_ROOT}/Target Support Files/Pods-EQuotes (macOS)/Pods-EQuotes (macOS)-frameworks-${CONFIGURATION}-input-files.xcfilelist",
			);
			name = "[CP] Embed Pods Frameworks";
			outputFileListPaths = (
				"${PODS_ROOT}/Target Support Files/Pods-EQuotes (macOS)/Pods-EQuotes (macOS)-frameworks-${CONFIGURATION}-output-files.xcfilelist",
			);
			runOnlyForDeploymentPostprocessing = 0;
			shellPath = /bin/sh;
			shellScript = "\"${PODS_ROOT}/Target Support Files/Pods-EQuotes (macOS)/Pods-EQuotes (macOS)-frameworks.sh\"\n";
			showEnvVarsInLog = 0;
		};
/* End PBXShellScriptBuildPhase section */

/* Begin PBXSourcesBuildPhase section */
		765023D228BCE5EC000F3627 /* Sources */ = {
			isa = PBXSourcesBuildPhase;
			buildActionMask = 2147483647;
			files = (
				7650240628BDC92D000F3627 /* EQuoteView.swift in Sources */,
				765023FE28BDC686000F3627 /* AppDelegate.swift in Sources */,
				7650241028BDEE2F000F3627 /* CancelBag.swift in Sources */,
				7650244328BF1BA5000F3627 /* EventsInteractor.swift in Sources */,
				76E2EB3828C76D81001E8AAD /* Publisher+Extensions.swift in Sources */,
				762BA7FC28F59BAD008AE874 /* FormData.swift in Sources */,
				765023EF28BDC0EA000F3627 /* Store.swift in Sources */,
				7650242E28BE38AC000F3627 /* UserDefault+Data.swift in Sources */,
				765023F228BDC413000F3627 /* AppEnvironment.swift in Sources */,
				762BA7FA28F59BAD008AE874 /* Responses.swift in Sources */,
				766BFAD128C23716007AB759 /* QuoteListView.swift in Sources */,
				7650242828BE1363000F3627 /* GrowingButton.swift in Sources */,
				7650243828BEFC83000F3627 /* BackQuoteItemRow.swift in Sources */,
				762BA7F628F59BAD008AE874 /* EnglishAPI.swift in Sources */,
				7650242528BE1330000F3627 /* Screen.swift in Sources */,
				762BA7F828F59BAD008AE874 /* APIError.swift in Sources */,
				766BFADC28C48F1E007AB759 /* Firebase+ModelName.swift in Sources */,
				7650241728BDF208000F3627 /* QuoteItemRow.swift in Sources */,
				766BFACD28C0A4A2007AB759 /* Date+Extensions.swift in Sources */,
				7620431E28C8927000A28079 /* FileLogger.swift in Sources */,
				762BA7F428F59BAD008AE874 /* APIClientProvider.swift in Sources */,
				7650241428BDEEB8000F3627 /* QuoteItem.swift in Sources */,
				765023F528BDC438000F3627 /* DIContainer.swift in Sources */,
				7650243528BE3AD8000F3627 /* LearnView.swift in Sources */,
				7650240A28BDEDE6000F3627 /* QuotesInteractor.swift in Sources */,
				7650244028BF1B6D000F3627 /* Result+Extensions.swift in Sources */,
				7650241F28BE095F000F3627 /* Theme.swift in Sources */,
				765023F828BDC4C3000F3627 /* AppState.swift in Sources */,
				7650241B28BDF280000F3627 /* String+Extensions.swift in Sources */,
				765023FB28BDC4F6000F3627 /* Interacters.swift in Sources */,
				766BFAD928C48E00007AB759 /* GradientView.swift in Sources */,
				7620431C28C8925900A28079 /* Logger.swift in Sources */,
				7650242B28BE13B8000F3627 /* NewQuoteContent.swift in Sources */,
				762BA80128F59F28008AE874 /* Extension+Helpers.swift in Sources */,
				762BA7F228F59BAD008AE874 /* APIClient.swift in Sources */,
				7650240D28BDEDFC000F3627 /* Loadable.swift in Sources */,
				765023E128BCE5EC000F3627 /* ContentView.swift in Sources */,
				766BFAD628C3696F007AB759 /* HelpersInteractor.swift in Sources */,
				762BA80A28F5A9E3008AE874 /* Credential.swift in Sources */,
				76E2EB3B28C7702C001E8AAD /* LearnQuote.swift in Sources */,
				7650242228BE12FC000F3627 /* AddNewQuoteView.swift in Sources */,
				7650243128BE3979000F3627 /* Settings.swift in Sources */,
				76E2EB3528C7024A001E8AAD /* DatabaseManager.swift in Sources */,
				765023DF28BCE5EC000F3627 /* EQuotesApp.swift in Sources */,
			);
			runOnlyForDeploymentPostprocessing = 0;
		};
		765023D828BCE5EC000F3627 /* Sources */ = {
			isa = PBXSourcesBuildPhase;
			buildActionMask = 2147483647;
			files = (
				7650240728BDC92D000F3627 /* EQuoteView.swift in Sources */,
				765023FF28BDC686000F3627 /* AppDelegate.swift in Sources */,
				7650241128BDEE2F000F3627 /* CancelBag.swift in Sources */,
				7650244428BF1BA5000F3627 /* EventsInteractor.swift in Sources */,
				76E2EB3928C76D81001E8AAD /* Publisher+Extensions.swift in Sources */,
				765023F028BDC0EA000F3627 /* Store.swift in Sources */,
				7650242F28BE38AC000F3627 /* UserDefault+Data.swift in Sources */,
				765023F328BDC413000F3627 /* AppEnvironment.swift in Sources */,
				762BA7F528F59BAD008AE874 /* APIClientProvider.swift in Sources */,
				766BFAD228C23716007AB759 /* QuoteListView.swift in Sources */,
				7650242928BE1363000F3627 /* GrowingButton.swift in Sources */,
				7650243928BEFC83000F3627 /* BackQuoteItemRow.swift in Sources */,
				7650242628BE1330000F3627 /* Screen.swift in Sources */,
				766BFADD28C48F1E007AB759 /* Firebase+ModelName.swift in Sources */,
				7650241828BDF208000F3627 /* QuoteItemRow.swift in Sources */,
				766BFACE28C0A4A2007AB759 /* Date+Extensions.swift in Sources */,
				7650241528BDEEB8000F3627 /* QuoteItem.swift in Sources */,
				765023F628BDC438000F3627 /* DIContainer.swift in Sources */,
				762BA7F728F59BAD008AE874 /* EnglishAPI.swift in Sources */,
				7650243628BE3AD8000F3627 /* LearnView.swift in Sources */,
				762BA7FB28F59BAD008AE874 /* Responses.swift in Sources */,
				7650240B28BDEDE6000F3627 /* QuotesInteractor.swift in Sources */,
				7650244128BF1B6D000F3627 /* Result+Extensions.swift in Sources */,
				762BA7FD28F59BAD008AE874 /* FormData.swift in Sources */,
				7650242028BE095F000F3627 /* Theme.swift in Sources */,
				765023F928BDC4C3000F3627 /* AppState.swift in Sources */,
				7650241C28BDF280000F3627 /* String+Extensions.swift in Sources */,
				765023FC28BDC4F6000F3627 /* Interacters.swift in Sources */,
				766BFADA28C48E00007AB759 /* GradientView.swift in Sources */,
				7620432428C8937900A28079 /* Logger.swift in Sources */,
				7650242C28BE13B8000F3627 /* NewQuoteContent.swift in Sources */,
				7650240E28BDEDFC000F3627 /* Loadable.swift in Sources */,
				765023E228BCE5EC000F3627 /* ContentView.swift in Sources */,
				766BFAD728C3696F007AB759 /* HelpersInteractor.swift in Sources */,
				76E2EB3C28C7702C001E8AAD /* LearnQuote.swift in Sources */,
				7650242328BE12FC000F3627 /* AddNewQuoteView.swift in Sources */,
				7650243228BE3979000F3627 /* Settings.swift in Sources */,
				76E2EB3628C7024A001E8AAD /* DatabaseManager.swift in Sources */,
				765023E028BCE5EC000F3627 /* EQuotesApp.swift in Sources */,
				762BA7F328F59BAD008AE874 /* APIClient.swift in Sources */,
				762BA7F928F59BAD008AE874 /* APIError.swift in Sources */,
				762BA80B28F5A9E3008AE874 /* Credential.swift in Sources */,
				762BA80228F59F28008AE874 /* Extension+Helpers.swift in Sources */,
			);
			runOnlyForDeploymentPostprocessing = 0;
		};
/* End PBXSourcesBuildPhase section */

/* Begin XCBuildConfiguration section */
		765023E528BCE5EC000F3627 /* Debug */ = {
			isa = XCBuildConfiguration;
			buildSettings = {
				ALWAYS_SEARCH_USER_PATHS = NO;
				CLANG_ANALYZER_NONNULL = YES;
				CLANG_ANALYZER_NUMBER_OBJECT_CONVERSION = YES_AGGRESSIVE;
				CLANG_CXX_LANGUAGE_STANDARD = "gnu++17";
				CLANG_ENABLE_MODULES = YES;
				CLANG_ENABLE_OBJC_ARC = YES;
				CLANG_ENABLE_OBJC_WEAK = YES;
				CLANG_WARN_BLOCK_CAPTURE_AUTORELEASING = YES;
				CLANG_WARN_BOOL_CONVERSION = YES;
				CLANG_WARN_COMMA = YES;
				CLANG_WARN_CONSTANT_CONVERSION = YES;
				CLANG_WARN_DEPRECATED_OBJC_IMPLEMENTATIONS = YES;
				CLANG_WARN_DIRECT_OBJC_ISA_USAGE = YES_ERROR;
				CLANG_WARN_DOCUMENTATION_COMMENTS = YES;
				CLANG_WARN_EMPTY_BODY = YES;
				CLANG_WARN_ENUM_CONVERSION = YES;
				CLANG_WARN_INFINITE_RECURSION = YES;
				CLANG_WARN_INT_CONVERSION = YES;
				CLANG_WARN_NON_LITERAL_NULL_CONVERSION = YES;
				CLANG_WARN_OBJC_IMPLICIT_RETAIN_SELF = YES;
				CLANG_WARN_OBJC_LITERAL_CONVERSION = YES;
				CLANG_WARN_OBJC_ROOT_CLASS = YES_ERROR;
				CLANG_WARN_QUOTED_INCLUDE_IN_FRAMEWORK_HEADER = YES;
				CLANG_WARN_RANGE_LOOP_ANALYSIS = YES;
				CLANG_WARN_STRICT_PROTOTYPES = YES;
				CLANG_WARN_SUSPICIOUS_MOVE = YES;
				CLANG_WARN_UNGUARDED_AVAILABILITY = YES_AGGRESSIVE;
				CLANG_WARN_UNREACHABLE_CODE = YES;
				CLANG_WARN__DUPLICATE_METHOD_MATCH = YES;
				COPY_PHASE_STRIP = NO;
				DEBUG_INFORMATION_FORMAT = dwarf;
				ENABLE_STRICT_OBJC_MSGSEND = YES;
				ENABLE_TESTABILITY = YES;
				GCC_C_LANGUAGE_STANDARD = gnu11;
				GCC_DYNAMIC_NO_PIC = NO;
				GCC_NO_COMMON_BLOCKS = YES;
				GCC_OPTIMIZATION_LEVEL = 0;
				GCC_PREPROCESSOR_DEFINITIONS = (
					"DEBUG=1",
					"$(inherited)",
				);
				GCC_WARN_64_TO_32_BIT_CONVERSION = YES;
				GCC_WARN_ABOUT_RETURN_TYPE = YES_ERROR;
				GCC_WARN_UNDECLARED_SELECTOR = YES;
				GCC_WARN_UNINITIALIZED_AUTOS = YES_AGGRESSIVE;
				GCC_WARN_UNUSED_FUNCTION = YES;
				GCC_WARN_UNUSED_VARIABLE = YES;
				MTL_ENABLE_DEBUG_INFO = INCLUDE_SOURCE;
				MTL_FAST_MATH = YES;
				ONLY_ACTIVE_ARCH = YES;
				SWIFT_ACTIVE_COMPILATION_CONDITIONS = DEBUG;
				SWIFT_OPTIMIZATION_LEVEL = "-Onone";
			};
			name = Debug;
		};
		765023E628BCE5EC000F3627 /* Release */ = {
			isa = XCBuildConfiguration;
			buildSettings = {
				ALWAYS_SEARCH_USER_PATHS = NO;
				CLANG_ANALYZER_NONNULL = YES;
				CLANG_ANALYZER_NUMBER_OBJECT_CONVERSION = YES_AGGRESSIVE;
				CLANG_CXX_LANGUAGE_STANDARD = "gnu++17";
				CLANG_ENABLE_MODULES = YES;
				CLANG_ENABLE_OBJC_ARC = YES;
				CLANG_ENABLE_OBJC_WEAK = YES;
				CLANG_WARN_BLOCK_CAPTURE_AUTORELEASING = YES;
				CLANG_WARN_BOOL_CONVERSION = YES;
				CLANG_WARN_COMMA = YES;
				CLANG_WARN_CONSTANT_CONVERSION = YES;
				CLANG_WARN_DEPRECATED_OBJC_IMPLEMENTATIONS = YES;
				CLANG_WARN_DIRECT_OBJC_ISA_USAGE = YES_ERROR;
				CLANG_WARN_DOCUMENTATION_COMMENTS = YES;
				CLANG_WARN_EMPTY_BODY = YES;
				CLANG_WARN_ENUM_CONVERSION = YES;
				CLANG_WARN_INFINITE_RECURSION = YES;
				CLANG_WARN_INT_CONVERSION = YES;
				CLANG_WARN_NON_LITERAL_NULL_CONVERSION = YES;
				CLANG_WARN_OBJC_IMPLICIT_RETAIN_SELF = YES;
				CLANG_WARN_OBJC_LITERAL_CONVERSION = YES;
				CLANG_WARN_OBJC_ROOT_CLASS = YES_ERROR;
				CLANG_WARN_QUOTED_INCLUDE_IN_FRAMEWORK_HEADER = YES;
				CLANG_WARN_RANGE_LOOP_ANALYSIS = YES;
				CLANG_WARN_STRICT_PROTOTYPES = YES;
				CLANG_WARN_SUSPICIOUS_MOVE = YES;
				CLANG_WARN_UNGUARDED_AVAILABILITY = YES_AGGRESSIVE;
				CLANG_WARN_UNREACHABLE_CODE = YES;
				CLANG_WARN__DUPLICATE_METHOD_MATCH = YES;
				COPY_PHASE_STRIP = NO;
				DEBUG_INFORMATION_FORMAT = "dwarf-with-dsym";
				ENABLE_NS_ASSERTIONS = NO;
				ENABLE_STRICT_OBJC_MSGSEND = YES;
				GCC_C_LANGUAGE_STANDARD = gnu11;
				GCC_NO_COMMON_BLOCKS = YES;
				GCC_WARN_64_TO_32_BIT_CONVERSION = YES;
				GCC_WARN_ABOUT_RETURN_TYPE = YES_ERROR;
				GCC_WARN_UNDECLARED_SELECTOR = YES;
				GCC_WARN_UNINITIALIZED_AUTOS = YES_AGGRESSIVE;
				GCC_WARN_UNUSED_FUNCTION = YES;
				GCC_WARN_UNUSED_VARIABLE = YES;
				MTL_ENABLE_DEBUG_INFO = NO;
				MTL_FAST_MATH = YES;
				SWIFT_COMPILATION_MODE = wholemodule;
				SWIFT_OPTIMIZATION_LEVEL = "-O";
			};
			name = Release;
		};
		765023E828BCE5EC000F3627 /* Debug */ = {
			isa = XCBuildConfiguration;
			baseConfigurationReference = 2CD3DC719D0210B758CF3E6A /* Pods-EQuotes (iOS).debug.xcconfig */;
			buildSettings = {
				ASSETCATALOG_COMPILER_APPICON_NAME = AppIcon;
				ASSETCATALOG_COMPILER_GLOBAL_ACCENT_COLOR_NAME = AccentColor;
				CODE_SIGN_STYLE = Automatic;
				CURRENT_PROJECT_VERSION = 1;
				DEVELOPMENT_TEAM = 8YDWDP2ZVW;
				ENABLE_PREVIEWS = YES;
				GENERATE_INFOPLIST_FILE = YES;
				INFOPLIST_KEY_UIApplicationSceneManifest_Generation = YES;
				INFOPLIST_KEY_UIApplicationSupportsIndirectInputEvents = YES;
				INFOPLIST_KEY_UILaunchScreen_Generation = YES;
				INFOPLIST_KEY_UISupportedInterfaceOrientations_iPad = "UIInterfaceOrientationPortrait UIInterfaceOrientationPortraitUpsideDown UIInterfaceOrientationLandscapeLeft UIInterfaceOrientationLandscapeRight";
				INFOPLIST_KEY_UISupportedInterfaceOrientations_iPhone = "UIInterfaceOrientationPortrait UIInterfaceOrientationLandscapeLeft UIInterfaceOrientationLandscapeRight";
				IPHONEOS_DEPLOYMENT_TARGET = 15.5;
				LD_RUNPATH_SEARCH_PATHS = (
					"$(inherited)",
					"@executable_path/Frameworks",
				);
				MARKETING_VERSION = 1.0;
				PRODUCT_BUNDLE_IDENTIFIER = com.thuyentruong.EQuotes;
				PRODUCT_NAME = EQuotes;
				SDKROOT = iphoneos;
				SWIFT_EMIT_LOC_STRINGS = YES;
				SWIFT_VERSION = 5.0;
				TARGETED_DEVICE_FAMILY = "1,2";
			};
			name = Debug;
		};
		765023E928BCE5EC000F3627 /* Release */ = {
			isa = XCBuildConfiguration;
			baseConfigurationReference = FDBC9B201214C4959B1B187B /* Pods-EQuotes (iOS).release.xcconfig */;
			buildSettings = {
				ASSETCATALOG_COMPILER_APPICON_NAME = AppIcon;
				ASSETCATALOG_COMPILER_GLOBAL_ACCENT_COLOR_NAME = AccentColor;
				CODE_SIGN_STYLE = Automatic;
				CURRENT_PROJECT_VERSION = 1;
				DEVELOPMENT_TEAM = 8YDWDP2ZVW;
				ENABLE_PREVIEWS = YES;
				GENERATE_INFOPLIST_FILE = YES;
				INFOPLIST_KEY_UIApplicationSceneManifest_Generation = YES;
				INFOPLIST_KEY_UIApplicationSupportsIndirectInputEvents = YES;
				INFOPLIST_KEY_UILaunchScreen_Generation = YES;
				INFOPLIST_KEY_UISupportedInterfaceOrientations_iPad = "UIInterfaceOrientationPortrait UIInterfaceOrientationPortraitUpsideDown UIInterfaceOrientationLandscapeLeft UIInterfaceOrientationLandscapeRight";
				INFOPLIST_KEY_UISupportedInterfaceOrientations_iPhone = "UIInterfaceOrientationPortrait UIInterfaceOrientationLandscapeLeft UIInterfaceOrientationLandscapeRight";
				IPHONEOS_DEPLOYMENT_TARGET = 15.5;
				LD_RUNPATH_SEARCH_PATHS = (
					"$(inherited)",
					"@executable_path/Frameworks",
				);
				MARKETING_VERSION = 1.0;
				PRODUCT_BUNDLE_IDENTIFIER = com.thuyentruong.EQuotes;
				PRODUCT_NAME = EQuotes;
				SDKROOT = iphoneos;
				SWIFT_EMIT_LOC_STRINGS = YES;
				SWIFT_VERSION = 5.0;
				TARGETED_DEVICE_FAMILY = "1,2";
				VALIDATE_PRODUCT = YES;
			};
			name = Release;
		};
		765023EB28BCE5EC000F3627 /* Debug */ = {
			isa = XCBuildConfiguration;
			baseConfigurationReference = 9F2D489EEA47B8DEA3440FAB /* Pods-EQuotes (macOS).debug.xcconfig */;
			buildSettings = {
				ASSETCATALOG_COMPILER_APPICON_NAME = AppIcon;
				ASSETCATALOG_COMPILER_GLOBAL_ACCENT_COLOR_NAME = AccentColor;
				CODE_SIGN_ENTITLEMENTS = macOS/macOS.entitlements;
				CODE_SIGN_STYLE = Automatic;
				COMBINE_HIDPI_IMAGES = YES;
				CURRENT_PROJECT_VERSION = 1;
				DEVELOPMENT_TEAM = 8YDWDP2ZVW;
				ENABLE_HARDENED_RUNTIME = YES;
				ENABLE_PREVIEWS = YES;
				GENERATE_INFOPLIST_FILE = YES;
				INFOPLIST_KEY_NSHumanReadableCopyright = "";
				LD_RUNPATH_SEARCH_PATHS = (
					"$(inherited)",
					"@executable_path/../Frameworks",
				);
				MACOSX_DEPLOYMENT_TARGET = 12.3;
				MARKETING_VERSION = 1.0;
				PRODUCT_BUNDLE_IDENTIFIER = com.thuyentruong.EQuotes;
				PRODUCT_NAME = EQuotes;
				SDKROOT = macosx;
				SWIFT_EMIT_LOC_STRINGS = YES;
				SWIFT_VERSION = 5.0;
			};
			name = Debug;
		};
		765023EC28BCE5EC000F3627 /* Release */ = {
			isa = XCBuildConfiguration;
			baseConfigurationReference = EE04968ECB71C37F52BD7D0C /* Pods-EQuotes (macOS).release.xcconfig */;
			buildSettings = {
				ASSETCATALOG_COMPILER_APPICON_NAME = AppIcon;
				ASSETCATALOG_COMPILER_GLOBAL_ACCENT_COLOR_NAME = AccentColor;
				CODE_SIGN_ENTITLEMENTS = macOS/macOS.entitlements;
				CODE_SIGN_STYLE = Automatic;
				COMBINE_HIDPI_IMAGES = YES;
				CURRENT_PROJECT_VERSION = 1;
				DEVELOPMENT_TEAM = 8YDWDP2ZVW;
				ENABLE_HARDENED_RUNTIME = YES;
				ENABLE_PREVIEWS = YES;
				GENERATE_INFOPLIST_FILE = YES;
				INFOPLIST_KEY_NSHumanReadableCopyright = "";
				LD_RUNPATH_SEARCH_PATHS = (
					"$(inherited)",
					"@executable_path/../Frameworks",
				);
				MACOSX_DEPLOYMENT_TARGET = 12.3;
				MARKETING_VERSION = 1.0;
				PRODUCT_BUNDLE_IDENTIFIER = com.thuyentruong.EQuotes;
				PRODUCT_NAME = EQuotes;
				SDKROOT = macosx;
				SWIFT_EMIT_LOC_STRINGS = YES;
				SWIFT_VERSION = 5.0;
			};
			name = Release;
		};
/* End XCBuildConfiguration section */

/* Begin XCConfigurationList section */
		765023CD28BCE5EB000F3627 /* Build configuration list for PBXProject "EQuotes" */ = {
			isa = XCConfigurationList;
			buildConfigurations = (
				765023E528BCE5EC000F3627 /* Debug */,
				765023E628BCE5EC000F3627 /* Release */,
			);
			defaultConfigurationIsVisible = 0;
			defaultConfigurationName = Release;
		};
		765023E728BCE5EC000F3627 /* Build configuration list for PBXNativeTarget "EQuotes (iOS)" */ = {
			isa = XCConfigurationList;
			buildConfigurations = (
				765023E828BCE5EC000F3627 /* Debug */,
				765023E928BCE5EC000F3627 /* Release */,
			);
			defaultConfigurationIsVisible = 0;
			defaultConfigurationName = Release;
		};
		765023EA28BCE5EC000F3627 /* Build configuration list for PBXNativeTarget "EQuotes (macOS)" */ = {
			isa = XCConfigurationList;
			buildConfigurations = (
				765023EB28BCE5EC000F3627 /* Debug */,
				765023EC28BCE5EC000F3627 /* Release */,
			);
			defaultConfigurationIsVisible = 0;
			defaultConfigurationName = Release;
		};
/* End XCConfigurationList section */

/* Begin XCRemoteSwiftPackageReference section */
		7620431F28C892A700A28079 /* XCRemoteSwiftPackageReference "swift-log" */ = {
			isa = XCRemoteSwiftPackageReference;
			repositoryURL = "https://github.com/apple/swift-log.git";
			requirement = {
				branch = main;
				kind = branch;
			};
		};
/* End XCRemoteSwiftPackageReference section */

/* Begin XCSwiftPackageProductDependency section */
		7620432028C892A700A28079 /* Logging */ = {
			isa = XCSwiftPackageProductDependency;
			package = 7620431F28C892A700A28079 /* XCRemoteSwiftPackageReference "swift-log" */;
			productName = Logging;
		};
		7620432228C892BA00A28079 /* Logging */ = {
			isa = XCSwiftPackageProductDependency;
			package = 7620431F28C892A700A28079 /* XCRemoteSwiftPackageReference "swift-log" */;
			productName = Logging;
		};
/* End XCSwiftPackageProductDependency section */
	};
	rootObject = 765023CA28BCE5EB000F3627 /* Project object */;
}
